
Microsoft Visual Studio Solution File, Format Version 12.00
# Visual Studio Version 17
VisualStudioVersion = 17.1.32228.430
MinimumVisualStudioVersion = 10.0.40219.1
Project("{9A19103F-16F7-4668-BE54-9A1E7A4F7556}") = "Robusoft", "Robusoft\Robusoft.csproj", "{8CDC2F5A-C946-4D2B-BDB3-CB537BDA367E}"
EndProject
Global
	GlobalSection(SolutionConfigurationPlatforms) = preSolution
		Debug|Any CPU = Debug|Any CPU
		Release|Any CPU = Release|Any CPU
	EndGlobalSection
	GlobalSection(ProjectConfigurationPlatforms) = postSolution
		{8CDC2F5A-C946-4D2B-BDB3-CB537BDA367E}.Debug|Any CPU.ActiveCfg = Debug|Any CPU
		{8CDC2F5A-C946-4D2B-BDB3-CB537BDA367E}.Debug|Any CPU.Build.0 = Debug|Any CPU
		{8CDC2F5A-C946-4D2B-BDB3-CB537BDA367E}.Release|Any CPU.ActiveCfg = Release|Any CPU
		{8CDC2F5A-C946-4D2B-BDB3-CB537BDA367E}.Release|Any CPU.Build.0 = Release|Any CPU
	EndGlobalSection
	GlobalSection(SolutionProperties) = preSolution
		HideSolutionNode = FALSE
	EndGlobalSection
	GlobalSection(ExtensibilityGlobals) = postSolution
		SolutionGuid = {3B3588D2-8D76-4ADD-AEF4-C4B7C0919E47}
	EndGlobalSection
EndGlobal
